// !$*UTF8*$!
{
	archiveVersion = 1;
	classes = {
	};
	objectVersion = 51;
	objects = {

/* Begin PBXBuildFile section */
		A90D7EA8219D2D5E00A3FC02 /* AppDelegate.swift in Sources */ = {isa = PBXBuildFile; fileRef = A90D7EA7219D2D5E00A3FC02 /* AppDelegate.swift */; };
		A90D7EAA219D2D5E00A3FC02 /* ViewController.swift in Sources */ = {isa = PBXBuildFile; fileRef = A90D7EA9219D2D5E00A3FC02 /* ViewController.swift */; };
		A90D7EAD219D2D5E00A3FC02 /* Main.storyboard in Resources */ = {isa = PBXBuildFile; fileRef = A90D7EAB219D2D5E00A3FC02 /* Main.storyboard */; };
		A90D7EAF219D2D6000A3FC02 /* Assets.xcassets in Resources */ = {isa = PBXBuildFile; fileRef = A90D7EAE219D2D6000A3FC02 /* Assets.xcassets */; };
		A90D7EB2219D2D6000A3FC02 /* LaunchScreen.storyboard in Resources */ = {isa = PBXBuildFile; fileRef = A90D7EB0219D2D6000A3FC02 /* LaunchScreen.storyboard */; };
		A90D7EB7219D2D6000A3FC02 /* HelloWrist WatchKit App.app in Embed Watch Content */ = {isa = PBXBuildFile; fileRef = A90D7EB6219D2D6000A3FC02 /* HelloWrist WatchKit App.app */; };
		A90D7EBD219D2D6000A3FC02 /* Interface.storyboard in Resources */ = {isa = PBXBuildFile; fileRef = A90D7EBB219D2D6000A3FC02 /* Interface.storyboard */; };
		A90D7EBF219D2D6100A3FC02 /* Assets.xcassets in Resources */ = {isa = PBXBuildFile; fileRef = A90D7EBE219D2D6100A3FC02 /* Assets.xcassets */; };
		A90D7EC6219D2D6100A3FC02 /* HelloWrist WatchKit Extension.appex in Embed App Extensions */ = {isa = PBXBuildFile; fileRef = A90D7EC5219D2D6100A3FC02 /* HelloWrist WatchKit Extension.appex */; settings = {ATTRIBUTES = (RemoveHeadersOnCopy, ); }; };
		A90D7ECB219D2D6100A3FC02 /* InterfaceController.swift in Sources */ = {isa = PBXBuildFile; fileRef = A90D7ECA219D2D6100A3FC02 /* InterfaceController.swift */; };
		A90D7ECD219D2D6100A3FC02 /* ExtensionDelegate.swift in Sources */ = {isa = PBXBuildFile; fileRef = A90D7ECC219D2D6100A3FC02 /* ExtensionDelegate.swift */; };
		A90D7ECF219D2D6100A3FC02 /* NotificationController.swift in Sources */ = {isa = PBXBuildFile; fileRef = A90D7ECE219D2D6100A3FC02 /* NotificationController.swift */; };
		A90D7ED1219D2D6100A3FC02 /* ComplicationController.swift in Sources */ = {isa = PBXBuildFile; fileRef = A90D7ED0219D2D6100A3FC02 /* ComplicationController.swift */; };
		A90D7ED3219D2D6100A3FC02 /* Assets.xcassets in Resources */ = {isa = PBXBuildFile; fileRef = A90D7ED2219D2D6100A3FC02 /* Assets.xcassets */; };
		A92F22A321A2BCDB0098098A /* HomeInterfaceController.swift in Sources */ = {isa = PBXBuildFile; fileRef = A92F22A221A2BCDB0098098A /* HomeInterfaceController.swift */; };
		A92F22A521A2BD9E0098098A /* LabelInterfaceController.swift in Sources */ = {isa = PBXBuildFile; fileRef = A92F22A421A2BD9E0098098A /* LabelInterfaceController.swift */; };
		A92F22A721A2BE170098098A /* ImageInterfaceController.swift in Sources */ = {isa = PBXBuildFile; fileRef = A92F22A621A2BE170098098A /* ImageInterfaceController.swift */; };
		A92F22A921A2BE2B0098098A /* MapInterfaceController.swift in Sources */ = {isa = PBXBuildFile; fileRef = A92F22A821A2BE2B0098098A /* MapInterfaceController.swift */; };
/* End PBXBuildFile section */

/* Begin PBXContainerItemProxy section */
		A90D7EB8219D2D6000A3FC02 /* PBXContainerItemProxy */ = {
			isa = PBXContainerItemProxy;
			containerPortal = A90D7E9C219D2D5E00A3FC02 /* Project object */;
			proxyType = 1;
			remoteGlobalIDString = A90D7EB5219D2D6000A3FC02;
			remoteInfo = "HelloWrist WatchKit App";
		};
		A90D7EC7219D2D6100A3FC02 /* PBXContainerItemProxy */ = {
			isa = PBXContainerItemProxy;
			containerPortal = A90D7E9C219D2D5E00A3FC02 /* Project object */;
			proxyType = 1;
			remoteGlobalIDString = A90D7EC4219D2D6100A3FC02;
			remoteInfo = "HelloWrist WatchKit Extension";
		};
/* End PBXContainerItemProxy section */

/* Begin PBXCopyFilesBuildPhase section */
		A90D7EDB219D2D6100A3FC02 /* Embed App Extensions */ = {
			isa = PBXCopyFilesBuildPhase;
			buildActionMask = 2147483647;
			dstPath = "";
			dstSubfolderSpec = 13;
			files = (
				A90D7EC6219D2D6100A3FC02 /* HelloWrist WatchKit Extension.appex in Embed App Extensions */,
			);
			name = "Embed App Extensions";
			runOnlyForDeploymentPostprocessing = 0;
		};
		A90D7EDF219D2D6100A3FC02 /* Embed Watch Content */ = {
			isa = PBXCopyFilesBuildPhase;
			buildActionMask = 2147483647;
			dstPath = "$(CONTENTS_FOLDER_PATH)/Watch";
			dstSubfolderSpec = 16;
			files = (
				A90D7EB7219D2D6000A3FC02 /* HelloWrist WatchKit App.app in Embed Watch Content */,
			);
			name = "Embed Watch Content";
			runOnlyForDeploymentPostprocessing = 0;
		};
/* End PBXCopyFilesBuildPhase section */

/* Begin PBXFileReference section */
		A90D7EA4219D2D5E00A3FC02 /* HelloWrist.app */ = {isa = PBXFileReference; explicitFileType = wrapper.application; includeInIndex = 0; path = HelloWrist.app; sourceTree = BUILT_PRODUCTS_DIR; };
		A90D7EA7219D2D5E00A3FC02 /* AppDelegate.swift */ = {isa = PBXFileReference; lastKnownFileType = sourcecode.swift; path = AppDelegate.swift; sourceTree = "<group>"; };
		A90D7EA9219D2D5E00A3FC02 /* ViewController.swift */ = {isa = PBXFileReference; lastKnownFileType = sourcecode.swift; path = ViewController.swift; sourceTree = "<group>"; };
		A90D7EAC219D2D5E00A3FC02 /* Base */ = {isa = PBXFileReference; lastKnownFileType = file.storyboard; name = Base; path = Base.lproj/Main.storyboard; sourceTree = "<group>"; };
		A90D7EAE219D2D6000A3FC02 /* Assets.xcassets */ = {isa = PBXFileReference; lastKnownFileType = folder.assetcatalog; path = Assets.xcassets; sourceTree = "<group>"; };
		A90D7EB1219D2D6000A3FC02 /* Base */ = {isa = PBXFileReference; lastKnownFileType = file.storyboard; name = Base; path = Base.lproj/LaunchScreen.storyboard; sourceTree = "<group>"; };
		A90D7EB3219D2D6000A3FC02 /* Info.plist */ = {isa = PBXFileReference; lastKnownFileType = text.plist.xml; path = Info.plist; sourceTree = "<group>"; };
		A90D7EB6219D2D6000A3FC02 /* HelloWrist WatchKit App.app */ = {isa = PBXFileReference; explicitFileType = wrapper.application; includeInIndex = 0; path = "HelloWrist WatchKit App.app"; sourceTree = BUILT_PRODUCTS_DIR; };
		A90D7EBC219D2D6000A3FC02 /* Base */ = {isa = PBXFileReference; lastKnownFileType = file.storyboard; name = Base; path = Base.lproj/Interface.storyboard; sourceTree = "<group>"; };
		A90D7EBE219D2D6100A3FC02 /* Assets.xcassets */ = {isa = PBXFileReference; lastKnownFileType = folder.assetcatalog; path = Assets.xcassets; sourceTree = "<group>"; };
		A90D7EC0219D2D6100A3FC02 /* Info.plist */ = {isa = PBXFileReference; lastKnownFileType = text.plist.xml; path = Info.plist; sourceTree = "<group>"; };
		A90D7EC5219D2D6100A3FC02 /* HelloWrist WatchKit Extension.appex */ = {isa = PBXFileReference; explicitFileType = "wrapper.app-extension"; includeInIndex = 0; path = "HelloWrist WatchKit Extension.appex"; sourceTree = BUILT_PRODUCTS_DIR; };
		A90D7ECA219D2D6100A3FC02 /* InterfaceController.swift */ = {isa = PBXFileReference; indentWidth = 2; lastKnownFileType = sourcecode.swift; path = InterfaceController.swift; sourceTree = "<group>"; tabWidth = 2; usesTabs = 0; };
		A90D7ECC219D2D6100A3FC02 /* ExtensionDelegate.swift */ = {isa = PBXFileReference; lastKnownFileType = sourcecode.swift; path = ExtensionDelegate.swift; sourceTree = "<group>"; };
		A90D7ECE219D2D6100A3FC02 /* NotificationController.swift */ = {isa = PBXFileReference; lastKnownFileType = sourcecode.swift; path = NotificationController.swift; sourceTree = "<group>"; };
		A90D7ED0219D2D6100A3FC02 /* ComplicationController.swift */ = {isa = PBXFileReference; lastKnownFileType = sourcecode.swift; path = ComplicationController.swift; sourceTree = "<group>"; };
		A90D7ED2219D2D6100A3FC02 /* Assets.xcassets */ = {isa = PBXFileReference; lastKnownFileType = folder.assetcatalog; path = Assets.xcassets; sourceTree = "<group>"; };
		A90D7ED4219D2D6100A3FC02 /* Info.plist */ = {isa = PBXFileReference; lastKnownFileType = text.plist.xml; path = Info.plist; sourceTree = "<group>"; };
		A90D7ED5219D2D6100A3FC02 /* PushNotificationPayload.apns */ = {isa = PBXFileReference; lastKnownFileType = text; path = PushNotificationPayload.apns; sourceTree = "<group>"; };
		A92F22A221A2BCDB0098098A /* HomeInterfaceController.swift */ = {isa = PBXFileReference; lastKnownFileType = sourcecode.swift; path = HomeInterfaceController.swift; sourceTree = "<group>"; };
		A92F22A421A2BD9E0098098A /* LabelInterfaceController.swift */ = {isa = PBXFileReference; lastKnownFileType = sourcecode.swift; path = LabelInterfaceController.swift; sourceTree = "<group>"; };
		A92F22A621A2BE170098098A /* ImageInterfaceController.swift */ = {isa = PBXFileReference; lastKnownFileType = sourcecode.swift; path = ImageInterfaceController.swift; sourceTree = "<group>"; };
		A92F22A821A2BE2B0098098A /* MapInterfaceController.swift */ = {isa = PBXFileReference; lastKnownFileType = sourcecode.swift; path = MapInterfaceController.swift; sourceTree = "<group>"; };
/* End PBXFileReference section */

/* Begin PBXFrameworksBuildPhase section */
		A90D7EA1219D2D5E00A3FC02 /* Frameworks */ = {
			isa = PBXFrameworksBuildPhase;
			buildActionMask = 2147483647;
			files = (
			);
			runOnlyForDeploymentPostprocessing = 0;
		};
		A90D7EC2219D2D6100A3FC02 /* Frameworks */ = {
			isa = PBXFrameworksBuildPhase;
			buildActionMask = 2147483647;
			files = (
			);
			runOnlyForDeploymentPostprocessing = 0;
		};
/* End PBXFrameworksBuildPhase section */

/* Begin PBXGroup section */
		A90D7E9B219D2D5E00A3FC02 = {
			isa = PBXGroup;
			children = (
				A90D7EA6219D2D5E00A3FC02 /* HelloWrist */,
				A90D7EBA219D2D6000A3FC02 /* HelloWrist WatchKit App */,
				A90D7EC9219D2D6100A3FC02 /* HelloWrist WatchKit Extension */,
				A90D7EA5219D2D5E00A3FC02 /* Products */,
			);
			indentWidth = 2;
			sourceTree = "<group>";
			tabWidth = 2;
		};
		A90D7EA5219D2D5E00A3FC02 /* Products */ = {
			isa = PBXGroup;
			children = (
				A90D7EA4219D2D5E00A3FC02 /* HelloWrist.app */,
				A90D7EB6219D2D6000A3FC02 /* HelloWrist WatchKit App.app */,
				A90D7EC5219D2D6100A3FC02 /* HelloWrist WatchKit Extension.appex */,
			);
			name = Products;
			sourceTree = "<group>";
		};
		A90D7EA6219D2D5E00A3FC02 /* HelloWrist */ = {
			isa = PBXGroup;
			children = (
				A90D7EA7219D2D5E00A3FC02 /* AppDelegate.swift */,
				A90D7EA9219D2D5E00A3FC02 /* ViewController.swift */,
				A90D7EAB219D2D5E00A3FC02 /* Main.storyboard */,
				A90D7EAE219D2D6000A3FC02 /* Assets.xcassets */,
				A90D7EB0219D2D6000A3FC02 /* LaunchScreen.storyboard */,
				A90D7EB3219D2D6000A3FC02 /* Info.plist */,
			);
			path = HelloWrist;
			sourceTree = "<group>";
		};
		A90D7EBA219D2D6000A3FC02 /* HelloWrist WatchKit App */ = {
			isa = PBXGroup;
			children = (
				A90D7EBB219D2D6000A3FC02 /* Interface.storyboard */,
				A90D7EBE219D2D6100A3FC02 /* Assets.xcassets */,
				A90D7EC0219D2D6100A3FC02 /* Info.plist */,
			);
			path = "HelloWrist WatchKit App";
			sourceTree = "<group>";
		};
		A90D7EC9219D2D6100A3FC02 /* HelloWrist WatchKit Extension */ = {
			isa = PBXGroup;
			children = (
				A90D7ECA219D2D6100A3FC02 /* InterfaceController.swift */,
				A90D7ECC219D2D6100A3FC02 /* ExtensionDelegate.swift */,
				A90D7ECE219D2D6100A3FC02 /* NotificationController.swift */,
				A90D7ED0219D2D6100A3FC02 /* ComplicationController.swift */,
				A90D7ED2219D2D6100A3FC02 /* Assets.xcassets */,
				A90D7ED4219D2D6100A3FC02 /* Info.plist */,
				A90D7ED5219D2D6100A3FC02 /* PushNotificationPayload.apns */,
				A92F22A221A2BCDB0098098A /* HomeInterfaceController.swift */,
				A92F22A421A2BD9E0098098A /* LabelInterfaceController.swift */,
				A92F22A621A2BE170098098A /* ImageInterfaceController.swift */,
				A92F22A821A2BE2B0098098A /* MapInterfaceController.swift */,
			);
			path = "HelloWrist WatchKit Extension";
			sourceTree = "<group>";
		};
/* End PBXGroup section */

/* Begin PBXNativeTarget section */
		A90D7EA3219D2D5E00A3FC02 /* HelloWrist */ = {
			isa = PBXNativeTarget;
			buildConfigurationList = A90D7EE0219D2D6100A3FC02 /* Build configuration list for PBXNativeTarget "HelloWrist" */;
			buildPhases = (
				A90D7EA0219D2D5E00A3FC02 /* Sources */,
				A90D7EA1219D2D5E00A3FC02 /* Frameworks */,
				A90D7EA2219D2D5E00A3FC02 /* Resources */,
				A90D7EDF219D2D6100A3FC02 /* Embed Watch Content */,
			);
			buildRules = (
			);
			dependencies = (
				A90D7EB9219D2D6000A3FC02 /* PBXTargetDependency */,
			);
			name = HelloWrist;
			productName = HelloWrist;
			productReference = A90D7EA4219D2D5E00A3FC02 /* HelloWrist.app */;
			productType = "com.apple.product-type.application";
		};
		A90D7EB5219D2D6000A3FC02 /* HelloWrist WatchKit App */ = {
			isa = PBXNativeTarget;
			buildConfigurationList = A90D7EDC219D2D6100A3FC02 /* Build configuration list for PBXNativeTarget "HelloWrist WatchKit App" */;
			buildPhases = (
				A90D7EB4219D2D6000A3FC02 /* Resources */,
				A90D7EDB219D2D6100A3FC02 /* Embed App Extensions */,
			);
			buildRules = (
			);
			dependencies = (
				A90D7EC8219D2D6100A3FC02 /* PBXTargetDependency */,
			);
			name = "HelloWrist WatchKit App";
			productName = "HelloWrist WatchKit App";
			productReference = A90D7EB6219D2D6000A3FC02 /* HelloWrist WatchKit App.app */;
			productType = "com.apple.product-type.application.watchapp2";
		};
		A90D7EC4219D2D6100A3FC02 /* HelloWrist WatchKit Extension */ = {
			isa = PBXNativeTarget;
			buildConfigurationList = A90D7ED8219D2D6100A3FC02 /* Build configuration list for PBXNativeTarget "HelloWrist WatchKit Extension" */;
			buildPhases = (
				A90D7EC1219D2D6100A3FC02 /* Sources */,
				A90D7EC2219D2D6100A3FC02 /* Frameworks */,
				A90D7EC3219D2D6100A3FC02 /* Resources */,
			);
			buildRules = (
			);
			dependencies = (
			);
			name = "HelloWrist WatchKit Extension";
			productName = "HelloWrist WatchKit Extension";
			productReference = A90D7EC5219D2D6100A3FC02 /* HelloWrist WatchKit Extension.appex */;
			productType = "com.apple.product-type.watchkit2-extension";
		};
/* End PBXNativeTarget section */

/* Begin PBXProject section */
		A90D7E9C219D2D5E00A3FC02 /* Project object */ = {
			isa = PBXProject;
			attributes = {
				LastSwiftUpdateCheck = 1010;
				LastUpgradeCheck = 1010;
				ORGANIZATIONNAME = watchOS;
				TargetAttributes = {
					A90D7EA3219D2D5E00A3FC02 = {
						CreatedOnToolsVersion = 10.1;
					};
					A90D7EB5219D2D6000A3FC02 = {
						CreatedOnToolsVersion = 10.1;
					};
					A90D7EC4219D2D6100A3FC02 = {
						CreatedOnToolsVersion = 10.1;
					};
				};
			};
			buildConfigurationList = A90D7E9F219D2D5E00A3FC02 /* Build configuration list for PBXProject "HelloWrist" */;
			compatibilityVersion = "Xcode 10.0";
			developmentRegion = en;
			hasScannedForEncodings = 0;
			knownRegions = (
				en,
				Base,
			);
			mainGroup = A90D7E9B219D2D5E00A3FC02;
			productRefGroup = A90D7EA5219D2D5E00A3FC02 /* Products */;
			projectDirPath = "";
			projectRoot = "";
			targets = (
				A90D7EA3219D2D5E00A3FC02 /* HelloWrist */,
				A90D7EB5219D2D6000A3FC02 /* HelloWrist WatchKit App */,
				A90D7EC4219D2D6100A3FC02 /* HelloWrist WatchKit Extension */,
			);
		};
/* End PBXProject section */

/* Begin PBXResourcesBuildPhase section */
		A90D7EA2219D2D5E00A3FC02 /* Resources */ = {
			isa = PBXResourcesBuildPhase;
			buildActionMask = 2147483647;
			files = (
				A90D7EB2219D2D6000A3FC02 /* LaunchScreen.storyboard in Resources */,
				A90D7EAF219D2D6000A3FC02 /* Assets.xcassets in Resources */,
				A90D7EAD219D2D5E00A3FC02 /* Main.storyboard in Resources */,
			);
			runOnlyForDeploymentPostprocessing = 0;
		};
		A90D7EB4219D2D6000A3FC02 /* Resources */ = {
			isa = PBXResourcesBuildPhase;
			buildActionMask = 2147483647;
			files = (
				A90D7EBF219D2D6100A3FC02 /* Assets.xcassets in Resources */,
				A90D7EBD219D2D6000A3FC02 /* Interface.storyboard in Resources */,
			);
			runOnlyForDeploymentPostprocessing = 0;
		};
		A90D7EC3219D2D6100A3FC02 /* Resources */ = {
			isa = PBXResourcesBuildPhase;
			buildActionMask = 2147483647;
			files = (
				A90D7ED3219D2D6100A3FC02 /* Assets.xcassets in Resources */,
			);
			runOnlyForDeploymentPostprocessing = 0;
		};
/* End PBXResourcesBuildPhase section */

/* Begin PBXSourcesBuildPhase section */
		A90D7EA0219D2D5E00A3FC02 /* Sources */ = {
			isa = PBXSourcesBuildPhase;
			buildActionMask = 2147483647;
			files = (
				A90D7EAA219D2D5E00A3FC02 /* ViewController.swift in Sources */,
				A90D7EA8219D2D5E00A3FC02 /* AppDelegate.swift in Sources */,
			);
			runOnlyForDeploymentPostprocessing = 0;
		};
		A90D7EC1219D2D6100A3FC02 /* Sources */ = {
			isa = PBXSourcesBuildPhase;
			buildActionMask = 2147483647;
			files = (
				A92F22A321A2BCDB0098098A /* HomeInterfaceController.swift in Sources */,
				A90D7ECF219D2D6100A3FC02 /* NotificationController.swift in Sources */,
				A92F22A921A2BE2B0098098A /* MapInterfaceController.swift in Sources */,
				A90D7ED1219D2D6100A3FC02 /* ComplicationController.swift in Sources */,
				A92F22A721A2BE170098098A /* ImageInterfaceController.swift in Sources */,
				A90D7ECD219D2D6100A3FC02 /* ExtensionDelegate.swift in Sources */,
				A92F22A521A2BD9E0098098A /* LabelInterfaceController.swift in Sources */,
				A90D7ECB219D2D6100A3FC02 /* InterfaceController.swift in Sources */,
			);
			runOnlyForDeploymentPostprocessing = 0;
		};
/* End PBXSourcesBuildPhase section */

/* Begin PBXTargetDependency section */
		A90D7EB9219D2D6000A3FC02 /* PBXTargetDependency */ = {
			isa = PBXTargetDependency;
			target = A90D7EB5219D2D6000A3FC02 /* HelloWrist WatchKit App */;
			targetProxy = A90D7EB8219D2D6000A3FC02 /* PBXContainerItemProxy */;
		};
		A90D7EC8219D2D6100A3FC02 /* PBXTargetDependency */ = {
			isa = PBXTargetDependency;
			target = A90D7EC4219D2D6100A3FC02 /* HelloWrist WatchKit Extension */;
			targetProxy = A90D7EC7219D2D6100A3FC02 /* PBXContainerItemProxy */;
		};
/* End PBXTargetDependency section */

/* Begin PBXVariantGroup section */
		A90D7EAB219D2D5E00A3FC02 /* Main.storyboard */ = {
			isa = PBXVariantGroup;
			children = (
				A90D7EAC219D2D5E00A3FC02 /* Base */,
			);
			name = Main.storyboard;
			sourceTree = "<group>";
		};
		A90D7EB0219D2D6000A3FC02 /* LaunchScreen.storyboard */ = {
			isa = PBXVariantGroup;
			children = (
				A90D7EB1219D2D6000A3FC02 /* Base */,
			);
			name = LaunchScreen.storyboard;
			sourceTree = "<group>";
		};
		A90D7EBB219D2D6000A3FC02 /* Interface.storyboard */ = {
			isa = PBXVariantGroup;
			children = (
				A90D7EBC219D2D6000A3FC02 /* Base */,
			);
			name = Interface.storyboard;
			sourceTree = "<group>";
		};
/* End PBXVariantGroup section */

/* Begin XCBuildConfiguration section */
		A90D7ED6219D2D6100A3FC02 /* Debug */ = {
			isa = XCBuildConfiguration;
			buildSettings = {
				ALWAYS_SEARCH_USER_PATHS = NO;
				CLANG_ANALYZER_NONNULL = YES;
				CLANG_ANALYZER_NUMBER_OBJECT_CONVERSION = YES_AGGRESSIVE;
				CLANG_CXX_LANGUAGE_STANDARD = "gnu++14";
				CLANG_CXX_LIBRARY = "libc++";
				CLANG_ENABLE_MODULES = YES;
				CLANG_ENABLE_OBJC_ARC = YES;
				CLANG_ENABLE_OBJC_WEAK = YES;
				CLANG_WARN_BLOCK_CAPTURE_AUTORELEASING = YES;
				CLANG_WARN_BOOL_CONVERSION = YES;
				CLANG_WARN_COMMA = YES;
				CLANG_WARN_CONSTANT_CONVERSION = YES;
				CLANG_WARN_DEPRECATED_OBJC_IMPLEMENTATIONS = YES;
				CLANG_WARN_DIRECT_OBJC_ISA_USAGE = YES_ERROR;
				CLANG_WARN_DOCUMENTATION_COMMENTS = YES;
				CLANG_WARN_EMPTY_BODY = YES;
				CLANG_WARN_ENUM_CONVERSION = YES;
				CLANG_WARN_INFINITE_RECURSION = YES;
				CLANG_WARN_INT_CONVERSION = YES;
				CLANG_WARN_NON_LITERAL_NULL_CONVERSION = YES;
				CLANG_WARN_OBJC_IMPLICIT_RETAIN_SELF = YES;
				CLANG_WARN_OBJC_LITERAL_CONVERSION = YES;
				CLANG_WARN_OBJC_ROOT_CLASS = YES_ERROR;
				CLANG_WARN_RANGE_LOOP_ANALYSIS = YES;
				CLANG_WARN_STRICT_PROTOTYPES = YES;
				CLANG_WARN_SUSPICIOUS_MOVE = YES;
				CLANG_WARN_UNGUARDED_AVAILABILITY = YES_AGGRESSIVE;
				CLANG_WARN_UNREACHABLE_CODE = YES;
				CLANG_WARN__DUPLICATE_METHOD_MATCH = YES;
				CODE_SIGN_IDENTITY = "iPhone Developer";
				COPY_PHASE_STRIP = NO;
				DEBUG_INFORMATION_FORMAT = dwarf;
				ENABLE_STRICT_OBJC_MSGSEND = YES;
				ENABLE_TESTABILITY = YES;
				GCC_C_LANGUAGE_STANDARD = gnu11;
				GCC_DYNAMIC_NO_PIC = NO;
				GCC_NO_COMMON_BLOCKS = YES;
				GCC_OPTIMIZATION_LEVEL = 0;
				GCC_PREPROCESSOR_DEFINITIONS = (
					"DEBUG=1",
					"$(inherited)",
				);
				GCC_WARN_64_TO_32_BIT_CONVERSION = YES;
				GCC_WARN_ABOUT_RETURN_TYPE = YES_ERROR;
				GCC_WARN_UNDECLARED_SELECTOR = YES;
				GCC_WARN_UNINITIALIZED_AUTOS = YES_AGGRESSIVE;
				GCC_WARN_UNUSED_FUNCTION = YES;
				GCC_WARN_UNUSED_VARIABLE = YES;
				IPHONEOS_DEPLOYMENT_TARGET = 12.1;
				MTL_ENABLE_DEBUG_INFO = INCLUDE_SOURCE;
				MTL_FAST_MATH = YES;
				ONLY_ACTIVE_ARCH = YES;
				SDKROOT = iphoneos;
				SWIFT_ACTIVE_COMPILATION_CONDITIONS = DEBUG;
				SWIFT_OPTIMIZATION_LEVEL = "-Onone";
			};
			name = Debug;
		};
		A90D7ED7219D2D6100A3FC02 /* Release */ = {
			isa = XCBuildConfiguration;
			buildSettings = {
				ALWAYS_SEARCH_USER_PATHS = NO;
				CLANG_ANALYZER_NONNULL = YES;
				CLANG_ANALYZER_NUMBER_OBJECT_CONVERSION = YES_AGGRESSIVE;
				CLANG_CXX_LANGUAGE_STANDARD = "gnu++14";
				CLANG_CXX_LIBRARY = "libc++";
				CLANG_ENABLE_MODULES = YES;
				CLANG_ENABLE_OBJC_ARC = YES;
				CLANG_ENABLE_OBJC_WEAK = YES;
				CLANG_WARN_BLOCK_CAPTURE_AUTORELEASING = YES;
				CLANG_WARN_BOOL_CONVERSION = YES;
				CLANG_WARN_COMMA = YES;
				CLANG_WARN_CONSTANT_CONVERSION = YES;
				CLANG_WARN_DEPRECATED_OBJC_IMPLEMENTATIONS = YES;
				CLANG_WARN_DIRECT_OBJC_ISA_USAGE = YES_ERROR;
				CLANG_WARN_DOCUMENTATION_COMMENTS = YES;
				CLANG_WARN_EMPTY_BODY = YES;
				CLANG_WARN_ENUM_CONVERSION = YES;
				CLANG_WARN_INFINITE_RECURSION = YES;
				CLANG_WARN_INT_CONVERSION = YES;
				CLANG_WARN_NON_LITERAL_NULL_CONVERSION = YES;
				CLANG_WARN_OBJC_IMPLICIT_RETAIN_SELF = YES;
				CLANG_WARN_OBJC_LITERAL_CONVERSION = YES;
				CLANG_WARN_OBJC_ROOT_CLASS = YES_ERROR;
				CLANG_WARN_RANGE_LOOP_ANALYSIS = YES;
				CLANG_WARN_STRICT_PROTOTYPES = YES;
				CLANG_WARN_SUSPICIOUS_MOVE = YES;
				CLANG_WARN_UNGUARDED_AVAILABILITY = YES_AGGRESSIVE;
				CLANG_WARN_UNREACHABLE_CODE = YES;
				CLANG_WARN__DUPLICATE_METHOD_MATCH = YES;
				CODE_SIGN_IDENTITY = "iPhone Developer";
				COPY_PHASE_STRIP = NO;
				DEBUG_INFORMATION_FORMAT = "dwarf-with-dsym";
				ENABLE_NS_ASSERTIONS = NO;
				ENABLE_STRICT_OBJC_MSGSEND = YES;
				GCC_C_LANGUAGE_STANDARD = gnu11;
				GCC_NO_COMMON_BLOCKS = YES;
				GCC_WARN_64_TO_32_BIT_CONVERSION = YES;
				GCC_WARN_ABOUT_RETURN_TYPE = YES_ERROR;
				GCC_WARN_UNDECLARED_SELECTOR = YES;
				GCC_WARN_UNINITIALIZED_AUTOS = YES_AGGRESSIVE;
				GCC_WARN_UNUSED_FUNCTION = YES;
				GCC_WARN_UNUSED_VARIABLE = YES;
				IPHONEOS_DEPLOYMENT_TARGET = 12.1;
				MTL_ENABLE_DEBUG_INFO = NO;
				MTL_FAST_MATH = YES;
				SDKROOT = iphoneos;
				SWIFT_COMPILATION_MODE = wholemodule;
				SWIFT_OPTIMIZATION_LEVEL = "-O";
				VALIDATE_PRODUCT = YES;
			};
			name = Release;
		};
		A90D7ED9219D2D6100A3FC02 /* Debug */ = {
			isa = XCBuildConfiguration;
			buildSettings = {
				ASSETCATALOG_COMPILER_COMPLICATION_NAME = Complication;
				CODE_SIGN_STYLE = Automatic;
				DEVELOPMENT_TEAM = 36UXT4B9Q8;
				INFOPLIST_FILE = "HelloWrist WatchKit Extension/Info.plist";
				LD_RUNPATH_SEARCH_PATHS = (
					"$(inherited)",
					"@executable_path/Frameworks",
					"@executable_path/../../Frameworks",
				);
				PRODUCT_BUNDLE_IDENTIFIER = watchOS.HelloWrist.watchkitapp.watchkitextension;
				PRODUCT_NAME = "${TARGET_NAME}";
				SDKROOT = watchos;
				SKIP_INSTALL = YES;
				SWIFT_VERSION = 4.2;
				TARGETED_DEVICE_FAMILY = 4;
				WATCHOS_DEPLOYMENT_TARGET = 5.1;
			};
			name = Debug;
		};
		A90D7EDA219D2D6100A3FC02 /* Release */ = {
			isa = XCBuildConfiguration;
			buildSettings = {
				ASSETCATALOG_COMPILER_COMPLICATION_NAME = Complication;
				CODE_SIGN_STYLE = Automatic;
				DEVELOPMENT_TEAM = 36UXT4B9Q8;
				INFOPLIST_FILE = "HelloWrist WatchKit Extension/Info.plist";
				LD_RUNPATH_SEARCH_PATHS = (
					"$(inherited)",
					"@executable_path/Frameworks",
					"@executable_path/../../Frameworks",
				);
				PRODUCT_BUNDLE_IDENTIFIER = watchOS.HelloWrist.watchkitapp.watchkitextension;
				PRODUCT_NAME = "${TARGET_NAME}";
				SDKROOT = watchos;
				SKIP_INSTALL = YES;
				SWIFT_VERSION = 4.2;
				TARGETED_DEVICE_FAMILY = 4;
				WATCHOS_DEPLOYMENT_TARGET = 5.1;
			};
			name = Release;
		};
		A90D7EDD219D2D6100A3FC02 /* Debug */ = {
			isa = XCBuildConfiguration;
			buildSettings = {
				ALWAYS_EMBED_SWIFT_STANDARD_LIBRARIES = YES;
				ASSETCATALOG_COMPILER_APPICON_NAME = AppIcon;
				CODE_SIGN_STYLE = Automatic;
				DEVELOPMENT_TEAM = 36UXT4B9Q8;
				IBSC_MODULE = HelloWrist_WatchKit_Extension;
				INFOPLIST_FILE = "HelloWrist WatchKit App/Info.plist";
				PRODUCT_BUNDLE_IDENTIFIER = watchOS.HelloWrist.watchkitapp;
				PRODUCT_NAME = "$(TARGET_NAME)";
				SDKROOT = watchos;
				SKIP_INSTALL = YES;
				SWIFT_VERSION = 4.2;
				TARGETED_DEVICE_FAMILY = 4;
				WATCHOS_DEPLOYMENT_TARGET = 5.1;
			};
			name = Debug;
		};
		A90D7EDE219D2D6100A3FC02 /* Release */ = {
			isa = XCBuildConfiguration;
			buildSettings = {
				ALWAYS_EMBED_SWIFT_STANDARD_LIBRARIES = YES;
				ASSETCATALOG_COMPILER_APPICON_NAME = AppIcon;
				CODE_SIGN_STYLE = Automatic;
				DEVELOPMENT_TEAM = 36UXT4B9Q8;
				IBSC_MODULE = HelloWrist_WatchKit_Extension;
				INFOPLIST_FILE = "HelloWrist WatchKit App/Info.plist";
				PRODUCT_BUNDLE_IDENTIFIER = watchOS.HelloWrist.watchkitapp;
				PRODUCT_NAME = "$(TARGET_NAME)";
				SDKROOT = watchos;
				SKIP_INSTALL = YES;
				SWIFT_VERSION = 4.2;
				TARGETED_DEVICE_FAMILY = 4;
				WATCHOS_DEPLOYMENT_TARGET = 5.1;
			};
			name = Release;
		};
		A90D7EE1219D2D6100A3FC02 /* Debug */ = {
			isa = XCBuildConfiguration;
			buildSettings = {
				ASSETCATALOG_COMPILER_APPICON_NAME = AppIcon;
				CODE_SIGN_STYLE = Automatic;
				DEVELOPMENT_TEAM = 36UXT4B9Q8;
				INFOPLIST_FILE = HelloWrist/Info.plist;
				LD_RUNPATH_SEARCH_PATHS = (
					"$(inherited)",
					"@executable_path/Frameworks",
				);
				PRODUCT_BUNDLE_IDENTIFIER = watchOS.HelloWrist;
				PRODUCT_NAME = "$(TARGET_NAME)";
				SWIFT_VERSION = 4.2;
				TARGETED_DEVICE_FAMILY = "1,2";
			};
			name = Debug;
		};
		A90D7EE2219D2D6100A3FC02 /* Release */ = {
			isa = XCBuildConfiguration;
			buildSettings = {
				ASSETCATALOG_COMPILER_APPICON_NAME = AppIcon;
				CODE_SIGN_STYLE = Automatic;
				DEVELOPMENT_TEAM = 36UXT4B9Q8;
				INFOPLIST_FILE = HelloWrist/Info.plist;
				LD_RUNPATH_SEARCH_PATHS = (
					"$(inherited)",
					"@executable_path/Frameworks",
				);
				PRODUCT_BUNDLE_IDENTIFIER = watchOS.HelloWrist;
				PRODUCT_NAME = "$(TARGET_NAME)";
				SWIFT_VERSION = 4.2;
				TARGETED_DEVICE_FAMILY = "1,2";
			};
			name = Release;
		};
/* End XCBuildConfiguration section */

/* Begin XCConfigurationList section */
		A90D7E9F219D2D5E00A3FC02 /* Build configuration list for PBXProject "HelloWrist" */ = {
			isa = XCConfigurationList;
			buildConfigurations = (
				A90D7ED6219D2D6100A3FC02 /* Debug */,
				A90D7ED7219D2D6100A3FC02 /* Release */,
			);
			defaultConfigurationIsVisible = 0;
			defaultConfigurationName = Release;
		};
		A90D7ED8219D2D6100A3FC02 /* Build configuration list for PBXNativeTarget "HelloWrist WatchKit Extension" */ = {
			isa = XCConfigurationList;
			buildConfigurations = (
				A90D7ED9219D2D6100A3FC02 /* Debug */,
				A90D7EDA219D2D6100A3FC02 /* Release */,
			);
			defaultConfigurationIsVisible = 0;
			defaultConfigurationName = Release;
		};
		A90D7EDC219D2D6100A3FC02 /* Build configuration list for PBXNativeTarget "HelloWrist WatchKit App" */ = {
			isa = XCConfigurationList;
			buildConfigurations = (
				A90D7EDD219D2D6100A3FC02 /* Debug */,
				A90D7EDE219D2D6100A3FC02 /* Release */,
			);
			defaultConfigurationIsVisible = 0;
			defaultConfigurationName = Release;
		};
		A90D7EE0219D2D6100A3FC02 /* Build configuration list for PBXNativeTarget "HelloWrist" */ = {
			isa = XCConfigurationList;
			buildConfigurations = (
				A90D7EE1219D2D6100A3FC02 /* Debug */,
				A90D7EE2219D2D6100A3FC02 /* Release */,
			);
			defaultConfigurationIsVisible = 0;
			defaultConfigurationName = Release;
		};
/* End XCConfigurationList section */
	};
	rootObject = A90D7E9C219D2D5E00A3FC02 /* Project object */;
}
